
Microsoft Visual Studio Solution File, Format Version 12.00
# Visual Studio Version 17
VisualStudioVersion = 17.0.31903.59
MinimumVisualStudioVersion = 10.0.40219.1
Project("{FAE04EC0-301F-11D3-BF4B-00C04F79EFBC}") = "MyLibrary", "MyLibrary\MyLibrary.csproj", "{60BB292F-5D5C-4F68-8A62-56E5F6DA2DB6}"
EndProject
Project("{FAE04EC0-301F-11D3-BF4B-00C04F79EFBC}") = "Interceptors", "Interceptors\Interceptors.csproj", "{0158377A-8CE6-41D0-9728-51A281DBFFB8}"
EndProject
Project("{FAE04EC0-301F-11D3-BF4B-00C04F79EFBC}") = "InterceptorApp", "InterceptorApp\InterceptorApp.csproj", "{DA3CFA36-EB85-41FC-9429-03F45B3B8544}"
EndProject
Project("{FAE04EC0-301F-11D3-BF4B-00C04F79EFBC}") = "InterceptorsTest", "InterceptorsTest\InterceptorsTest.csproj", "{3B294908-EBCA-45FE-A495-536DC61817CC}"
EndProject
Global
	GlobalSection(SolutionConfigurationPlatforms) = preSolution
		Debug|Any CPU = Debug|Any CPU
		Release|Any CPU = Release|Any CPU
	EndGlobalSection
	GlobalSection(SolutionProperties) = preSolution
		HideSolutionNode = FALSE
	EndGlobalSection
	GlobalSection(ProjectConfigurationPlatforms) = postSolution
		{60BB292F-5D5C-4F68-8A62-56E5F6DA2DB6}.Debug|Any CPU.ActiveCfg = Debug|Any CPU
		{60BB292F-5D5C-4F68-8A62-56E5F6DA2DB6}.Debug|Any CPU.Build.0 = Debug|Any CPU
		{60BB292F-5D5C-4F68-8A62-56E5F6DA2DB6}.Release|Any CPU.ActiveCfg = Release|Any CPU
		{60BB292F-5D5C-4F68-8A62-56E5F6DA2DB6}.Release|Any CPU.Build.0 = Release|Any CPU
		{0158377A-8CE6-41D0-9728-51A281DBFFB8}.Debug|Any CPU.ActiveCfg = Debug|Any CPU
		{0158377A-8CE6-41D0-9728-51A281DBFFB8}.Debug|Any CPU.Build.0 = Debug|Any CPU
		{0158377A-8CE6-41D0-9728-51A281DBFFB8}.Release|Any CPU.ActiveCfg = Release|Any CPU
		{0158377A-8CE6-41D0-9728-51A281DBFFB8}.Release|Any CPU.Build.0 = Release|Any CPU
		{DA3CFA36-EB85-41FC-9429-03F45B3B8544}.Debug|Any CPU.ActiveCfg = Debug|Any CPU
		{DA3CFA36-EB85-41FC-9429-03F45B3B8544}.Debug|Any CPU.Build.0 = Debug|Any CPU
		{DA3CFA36-EB85-41FC-9429-03F45B3B8544}.Release|Any CPU.ActiveCfg = Release|Any CPU
		{DA3CFA36-EB85-41FC-9429-03F45B3B8544}.Release|Any CPU.Build.0 = Release|Any CPU
		{3B294908-EBCA-45FE-A495-536DC61817CC}.Debug|Any CPU.ActiveCfg = Debug|Any CPU
		{3B294908-EBCA-45FE-A495-536DC61817CC}.Debug|Any CPU.Build.0 = Debug|Any CPU
		{3B294908-EBCA-45FE-A495-536DC61817CC}.Release|Any CPU.ActiveCfg = Release|Any CPU
		{3B294908-EBCA-45FE-A495-536DC61817CC}.Release|Any CPU.Build.0 = Release|Any CPU
	EndGlobalSection
EndGlobal
